
Microsoft Visual Studio Solution File, Format Version 12.00
# Visual Studio Version 17
VisualStudioVersion = 17.11.35327.3
MinimumVisualStudioVersion = 10.0.40219.1
Project("{FAE04EC0-301F-11D3-BF4B-00C04F79EFBC}") = "C_", "C_\C_.csproj", "{08D035FE-D8A5-4FB4-8376-1F9AF41CC571}"
EndProject
Global
	GlobalSection(SolutionConfigurationPlatforms) = preSolution
		Debug|Any CPU = Debug|Any CPU
		Release|Any CPU = Release|Any CPU
	EndGlobalSection
	GlobalSection(ProjectConfigurationPlatforms) = postSolution
		{08D035FE-D8A5-4FB4-8376-1F9AF41CC571}.Debug|Any CPU.ActiveCfg = Debug|Any CPU
		{08D035FE-D8A5-4FB4-8376-1F9AF41CC571}.Debug|Any CPU.Build.0 = Debug|Any CPU
		{08D035FE-D8A5-4FB4-8376-1F9AF41CC571}.Release|Any CPU.ActiveCfg = Release|Any CPU
		{08D035FE-D8A5-4FB4-8376-1F9AF41CC571}.Release|Any CPU.Build.0 = Release|Any CPU
	EndGlobalSection
	GlobalSection(SolutionProperties) = preSolution
		HideSolutionNode = FALSE
	EndGlobalSection
	GlobalSection(ExtensibilityGlobals) = postSolution
		SolutionGuid = {B0FC2402-1AF1-43A3-8B7B-BFF1BCCBE8A4}
	EndGlobalSection
EndGlobal
